PODS:
  - Crashlytics (3.14.0):
    - Fabric (~> 1.10.2)
  - Fabric (1.10.2)
  - Flutter (1.0.0)
  - flutter_crashlytics (0.0.1):
    - Crashlytics
    - Fabric
    - Flutter

DEPENDENCIES:
  - Flutter (from `Flutter`)
  - flutter_crashlytics (from `.symlinks/plugins/flutter_crashlytics/ios`)

SPEC REPOS:
  trunk:
    - Crashlytics
    - Fabric

EXTERNAL SOURCES:
  Flutter:
    :path: Flutter
  flutter_crashlytics:
    :path: ".symlinks/plugins/flutter_crashlytics/ios"

SPEC CHECKSUMS:
  Crashlytics: 540b7e5f5da5a042647227a5e3ac51d85eed06df
  Fabric: 706c8b8098fff96c33c0db69cbf81f9c551d0d74
  Flutter: 0e3d915762c693b495b44d77113d4970485de6ec
  flutter_crashlytics: 7b5bba7233066381c8e18343435342ba05f3053c

PODFILE CHECKSUM: 1b66dae606f75376c5f2135a8290850eeb09ae83

COCOAPODS: 1.9.3
