PODS:
  - Flutter (1.0.0)
  - user_experior (1.1.2):
    - Flutter
    - UserExperior (~> 4.3.102)
  - UserExperior (4.3.102)

DEPENDENCIES:
  - Flutter (from `Flutter`)
  - user_experior (from `.symlinks/plugins/user_experior/ios`)

SPEC REPOS:
  trunk:
    - UserExperior

EXTERNAL SOURCES:
  Flutter:
    :path: Flutter
  user_experior:
    :path: ".symlinks/plugins/user_experior/ios"

SPEC CHECKSUMS:
  Flutter: 0e3d915762c693b495b44d77113d4970485de6ec
  user_experior: 3c4f8b9b78c33b2973ac18822683298f7a15c558
  UserExperior: 7d8c4b91ed678c11ad4f2f30a10fcca6b0314bd6

PODFILE CHECKSUM: 1b66dae606f75376c5f2135a8290850eeb09ae83

COCOAPODS: 1.9.3
